
Microsoft Visual Studio Solution File, Format Version 12.00
# Visual Studio Version 16
VisualStudioVersion = 16.0.30615.102
MinimumVisualStudioVersion = 10.0.40219.1
Project("{FAE04EC0-301F-11D3-BF4B-00C04F79EFBC}") = "WebApplication4", "WebApplication4\WebApplication4.csproj", "{A890230A-A0F3-4C15-A426-40958CF38BB7}"
EndProject
Global
	GlobalSection(SolutionConfigurationPlatforms) = preSolution
		Debug|Any CPU = Debug|Any CPU
		Release|Any CPU = Release|Any CPU
	EndGlobalSection
	GlobalSection(ProjectConfigurationPlatforms) = postSolution
		{A890230A-A0F3-4C15-A426-40958CF38BB7}.Debug|Any CPU.ActiveCfg = Debug|Any CPU
		{A890230A-A0F3-4C15-A426-40958CF38BB7}.Debug|Any CPU.Build.0 = Debug|Any CPU
		{A890230A-A0F3-4C15-A426-40958CF38BB7}.Release|Any CPU.ActiveCfg = Release|Any CPU
		{A890230A-A0F3-4C15-A426-40958CF38BB7}.Release|Any CPU.Build.0 = Release|Any CPU
	EndGlobalSection
	GlobalSection(SolutionProperties) = preSolution
		HideSolutionNode = FALSE
	EndGlobalSection
	GlobalSection(ExtensibilityGlobals) = postSolution
		SolutionGuid = {CD823A5E-0C55-4638-8D27-0B8FDD8E6AA5}
	EndGlobalSection
EndGlobal
